
Microsoft Visual Studio Solution File, Format Version 12.00
# Visual Studio 2010
Project("{FAE04EC0-301F-11D3-BF4B-00C04F79EFBC}") = "Junkyard", "Junkyard\Junkyard\Junkyard.csproj", "{678434F0-092B-4E0D-9A1D-264F7844BAEC}"
EndProject
Project("{FAE04EC0-301F-11D3-BF4B-00C04F79EFBC}") = "JunkyardContent", "Junkyard\JunkyardContent\JunkyardContent.contentproj", "{6D32E5F2-75A7-486B-B49B-436F9848FD53}"
EndProject
Project("{FAE04EC0-301F-11D3-BF4B-00C04F79EFBC}") = "GameStateManagement (Windows)", "GameStateManagement\GameStateManagement (Windows).csproj", "{0A551D79-F37E-4529-9CA0-3FD2E9EA715E}"
EndProject
Project("{FAE04EC0-301F-11D3-BF4B-00C04F79EFBC}") = "JunkyardPipelineExtension", "JunkyardPipelineExtension\JunkyardPipelineExtension.csproj", "{CA9960A2-3CFA-4A53-85A8-A72B04EE0A92}"
EndProject
Global
	GlobalSection(SolutionConfigurationPlatforms) = preSolution
		Debug|x86 = Debug|x86
		Debug|Xbox 360 = Debug|Xbox 360
		Debug|Zune = Debug|Zune
		Release|x86 = Release|x86
		Release|Xbox 360 = Release|Xbox 360
		Release|Zune = Release|Zune
	EndGlobalSection
	GlobalSection(ProjectConfigurationPlatforms) = postSolution
		{678434F0-092B-4E0D-9A1D-264F7844BAEC}.Debug|x86.ActiveCfg = Debug|x86
		{678434F0-092B-4E0D-9A1D-264F7844BAEC}.Debug|x86.Build.0 = Debug|x86
		{678434F0-092B-4E0D-9A1D-264F7844BAEC}.Debug|Xbox 360.ActiveCfg = Debug|x86
		{678434F0-092B-4E0D-9A1D-264F7844BAEC}.Debug|Zune.ActiveCfg = Debug|x86
		{678434F0-092B-4E0D-9A1D-264F7844BAEC}.Release|x86.ActiveCfg = Release|x86
		{678434F0-092B-4E0D-9A1D-264F7844BAEC}.Release|x86.Build.0 = Release|x86
		{678434F0-092B-4E0D-9A1D-264F7844BAEC}.Release|Xbox 360.ActiveCfg = Release|x86
		{678434F0-092B-4E0D-9A1D-264F7844BAEC}.Release|Zune.ActiveCfg = Release|x86
		{6D32E5F2-75A7-486B-B49B-436F9848FD53}.Debug|x86.ActiveCfg = Debug|x86
		{6D32E5F2-75A7-486B-B49B-436F9848FD53}.Debug|Xbox 360.ActiveCfg = Debug|x86
		{6D32E5F2-75A7-486B-B49B-436F9848FD53}.Debug|Zune.ActiveCfg = Debug|x86
		{6D32E5F2-75A7-486B-B49B-436F9848FD53}.Release|x86.ActiveCfg = Release|x86
		{6D32E5F2-75A7-486B-B49B-436F9848FD53}.Release|Xbox 360.ActiveCfg = Release|x86
		{6D32E5F2-75A7-486B-B49B-436F9848FD53}.Release|Zune.ActiveCfg = Release|x86
		{0A551D79-F37E-4529-9CA0-3FD2E9EA715E}.Debug|x86.ActiveCfg = Debug|x86
		{0A551D79-F37E-4529-9CA0-3FD2E9EA715E}.Debug|x86.Build.0 = Debug|x86
		{0A551D79-F37E-4529-9CA0-3FD2E9EA715E}.Debug|Xbox 360.ActiveCfg = Debug|x86
		{0A551D79-F37E-4529-9CA0-3FD2E9EA715E}.Debug|Zune.ActiveCfg = Debug|x86
		{0A551D79-F37E-4529-9CA0-3FD2E9EA715E}.Release|x86.ActiveCfg = Release|x86
		{0A551D79-F37E-4529-9CA0-3FD2E9EA715E}.Release|x86.Build.0 = Release|x86
		{0A551D79-F37E-4529-9CA0-3FD2E9EA715E}.Release|Xbox 360.ActiveCfg = Release|x86
		{0A551D79-F37E-4529-9CA0-3FD2E9EA715E}.Release|Zune.ActiveCfg = Release|x86
		{CA9960A2-3CFA-4A53-85A8-A72B04EE0A92}.Debug|x86.ActiveCfg = Debug|x86
		{CA9960A2-3CFA-4A53-85A8-A72B04EE0A92}.Debug|x86.Build.0 = Debug|x86
		{CA9960A2-3CFA-4A53-85A8-A72B04EE0A92}.Debug|Xbox 360.ActiveCfg = Debug|x86
		{CA9960A2-3CFA-4A53-85A8-A72B04EE0A92}.Debug|Xbox 360.Build.0 = Debug|x86
		{CA9960A2-3CFA-4A53-85A8-A72B04EE0A92}.Debug|Zune.ActiveCfg = Debug|x86
		{CA9960A2-3CFA-4A53-85A8-A72B04EE0A92}.Debug|Zune.Build.0 = Debug|x86
		{CA9960A2-3CFA-4A53-85A8-A72B04EE0A92}.Release|x86.ActiveCfg = Release|x86
		{CA9960A2-3CFA-4A53-85A8-A72B04EE0A92}.Release|x86.Build.0 = Release|x86
		{CA9960A2-3CFA-4A53-85A8-A72B04EE0A92}.Release|Xbox 360.ActiveCfg = Release|x86
		{CA9960A2-3CFA-4A53-85A8-A72B04EE0A92}.Release|Xbox 360.Build.0 = Release|x86
		{CA9960A2-3CFA-4A53-85A8-A72B04EE0A92}.Release|Zune.ActiveCfg = Release|x86
		{CA9960A2-3CFA-4A53-85A8-A72B04EE0A92}.Release|Zune.Build.0 = Release|x86
	EndGlobalSection
	GlobalSection(SolutionProperties) = preSolution
		HideSolutionNode = FALSE
	EndGlobalSection
EndGlobal
